
Microsoft Visual Studio Solution File, Format Version 12.00
# Visual Studio Version 16
VisualStudioVersion = 16.0.30621.155
MinimumVisualStudioVersion = 10.0.40219.1
Project("{9A19103F-16F7-4668-BE54-9A1E7A4F7556}") = "TaskTimer", "TaskTimer\TaskTimer.csproj", "{45816176-3DA7-477D-9B66-44F9BB41BA1C}"
EndProject
Project("{FAE04EC0-301F-11D3-BF4B-00C04F79EFBC}") = "TaskTimer.Tests", "TaskTimer.Tests\TaskTimer.Tests.csproj", "{5D61EE9C-316C-4715-8F25-FAC4D8377888}"
EndProject
Global
	GlobalSection(SolutionConfigurationPlatforms) = preSolution
		Debug|Any CPU = Debug|Any CPU
		Release|Any CPU = Release|Any CPU
	EndGlobalSection
	GlobalSection(ProjectConfigurationPlatforms) = postSolution
		{45816176-3DA7-477D-9B66-44F9BB41BA1C}.Debug|Any CPU.ActiveCfg = Debug|Any CPU
		{45816176-3DA7-477D-9B66-44F9BB41BA1C}.Debug|Any CPU.Build.0 = Debug|Any CPU
		{45816176-3DA7-477D-9B66-44F9BB41BA1C}.Release|Any CPU.ActiveCfg = Release|Any CPU
		{45816176-3DA7-477D-9B66-44F9BB41BA1C}.Release|Any CPU.Build.0 = Release|Any CPU
		{5D61EE9C-316C-4715-8F25-FAC4D8377888}.Debug|Any CPU.ActiveCfg = Debug|Any CPU
		{5D61EE9C-316C-4715-8F25-FAC4D8377888}.Debug|Any CPU.Build.0 = Debug|Any CPU
		{5D61EE9C-316C-4715-8F25-FAC4D8377888}.Release|Any CPU.ActiveCfg = Release|Any CPU
		{5D61EE9C-316C-4715-8F25-FAC4D8377888}.Release|Any CPU.Build.0 = Release|Any CPU
	EndGlobalSection
	GlobalSection(SolutionProperties) = preSolution
		HideSolutionNode = FALSE
	EndGlobalSection
	GlobalSection(ExtensibilityGlobals) = postSolution
		SolutionGuid = {BA8B96E4-06CB-40E8-BA65-5727146C9890}
	EndGlobalSection
EndGlobal
